# THIS IS AN AUTOGENERATED FILE. DO NOT EDIT THIS FILE DIRECTLY.
# yarn lockfile v1


"@sveltestack/svelte-query@^1.6.0":
  version "1.6.0"
  resolved "https://registry.yarnpkg.com/@sveltestack/svelte-query/-/svelte-query-1.6.0.tgz#d175863557a7abe6a8dcb0da2080a9f43ae8d1d1"
  integrity sha512-C0wWuh6av1zu3Pzwrg6EQmX3BhDZQ4gMAdYu6Tfv4bjbEZTB00uEDz52z92IZdONh+iUKuyo0xRZ2e16k2Xifg==

emojis-list@^3.0.0:
  version "3.0.0"
  resolved "https://registry.yarnpkg.com/emojis-list/-/emojis-list-3.0.0.tgz#5570662046ad29e2e916e71aae260abdff4f6a78"
  integrity sha512-/kyM18EfinwXZbno9FyUGeFh87KC8HRQBQGildHZbEuRyWFOmv1U10o9BBp8XVZDVNNuQKyIGIu5ZYAAXJ0V2Q==
